
Microsoft Visual Studio Solution File, Format Version 12.00
# Visual Studio Version 16
VisualStudioVersion = 16.0.29519.181
MinimumVisualStudioVersion = 10.0.40219.1
Project("{FAE04EC0-301F-11D3-BF4B-00C04F79EFBC}") = "OFX_BattleShipsGame.App", "OFX_BattleShipsGame.App\OFX_BattleShipsGame.App.csproj", "{FCD597C1-C3DA-4E8B-98E5-507DB0E56A5A}"
EndProject
Project("{FAE04EC0-301F-11D3-BF4B-00C04F79EFBC}") = "OFX_BattleShipsGame.StateTrackerAPI", "OFX_BattleShipsGame.StateTrackerAPI\OFX_BattleShipsGame.StateTrackerAPI.csproj", "{0FB2E786-AAF0-4984-BDF2-D677FD895F0A}"
EndProject
Project("{FAE04EC0-301F-11D3-BF4B-00C04F79EFBC}") = "OFX_BattleShipsGame.Tests", "OFX_BattleShipsGame.Tests\OFX_BattleShipsGame.Tests.csproj", "{D9E5A7C6-38AD-4789-8290-993758E6D12B}"
EndProject
Global
	GlobalSection(SolutionConfigurationPlatforms) = preSolution
		Debug|Any CPU = Debug|Any CPU
		Release|Any CPU = Release|Any CPU
	EndGlobalSection
	GlobalSection(ProjectConfigurationPlatforms) = postSolution
		{FCD597C1-C3DA-4E8B-98E5-507DB0E56A5A}.Debug|Any CPU.ActiveCfg = Debug|Any CPU
		{FCD597C1-C3DA-4E8B-98E5-507DB0E56A5A}.Debug|Any CPU.Build.0 = Debug|Any CPU
		{FCD597C1-C3DA-4E8B-98E5-507DB0E56A5A}.Release|Any CPU.ActiveCfg = Release|Any CPU
		{FCD597C1-C3DA-4E8B-98E5-507DB0E56A5A}.Release|Any CPU.Build.0 = Release|Any CPU
		{0FB2E786-AAF0-4984-BDF2-D677FD895F0A}.Debug|Any CPU.ActiveCfg = Debug|Any CPU
		{0FB2E786-AAF0-4984-BDF2-D677FD895F0A}.Debug|Any CPU.Build.0 = Debug|Any CPU
		{0FB2E786-AAF0-4984-BDF2-D677FD895F0A}.Release|Any CPU.ActiveCfg = Release|Any CPU
		{0FB2E786-AAF0-4984-BDF2-D677FD895F0A}.Release|Any CPU.Build.0 = Release|Any CPU
		{D9E5A7C6-38AD-4789-8290-993758E6D12B}.Debug|Any CPU.ActiveCfg = Debug|Any CPU
		{D9E5A7C6-38AD-4789-8290-993758E6D12B}.Debug|Any CPU.Build.0 = Debug|Any CPU
		{D9E5A7C6-38AD-4789-8290-993758E6D12B}.Release|Any CPU.ActiveCfg = Release|Any CPU
		{D9E5A7C6-38AD-4789-8290-993758E6D12B}.Release|Any CPU.Build.0 = Release|Any CPU
	EndGlobalSection
	GlobalSection(SolutionProperties) = preSolution
		HideSolutionNode = FALSE
	EndGlobalSection
	GlobalSection(ExtensibilityGlobals) = postSolution
		SolutionGuid = {1816935D-A5C8-47C5-B535-991699ED1361}
	EndGlobalSection
EndGlobal
